
Microsoft Visual Studio Solution File, Format Version 12.00
# Visual Studio 15
VisualStudioVersion = 15.0.27703.2047
MinimumVisualStudioVersion = 10.0.40219.1
Project("{9A19103F-16F7-4668-BE54-9A1E7A4F7556}") = "Ailurus", "Ailurus\Ailurus.csproj", "{6E9761BC-5ABD-476E-836C-7BB20A5B79CA}"
EndProject
Project("{9A19103F-16F7-4668-BE54-9A1E7A4F7556}") = "AilurusTest", "AilurusTest\AilurusTest.csproj", "{080624B4-5D37-443E-94A5-C8D6D91BCD19}"
EndProject
Global
	GlobalSection(SolutionConfigurationPlatforms) = preSolution
		Debug|Any CPU = Debug|Any CPU
		Release|Any CPU = Release|Any CPU
	EndGlobalSection
	GlobalSection(ProjectConfigurationPlatforms) = postSolution
		{6E9761BC-5ABD-476E-836C-7BB20A5B79CA}.Debug|Any CPU.ActiveCfg = Debug|Any CPU
		{6E9761BC-5ABD-476E-836C-7BB20A5B79CA}.Debug|Any CPU.Build.0 = Debug|Any CPU
		{6E9761BC-5ABD-476E-836C-7BB20A5B79CA}.Release|Any CPU.ActiveCfg = Release|Any CPU
		{6E9761BC-5ABD-476E-836C-7BB20A5B79CA}.Release|Any CPU.Build.0 = Release|Any CPU
		{080624B4-5D37-443E-94A5-C8D6D91BCD19}.Debug|Any CPU.ActiveCfg = Debug|Any CPU
		{080624B4-5D37-443E-94A5-C8D6D91BCD19}.Debug|Any CPU.Build.0 = Debug|Any CPU
		{080624B4-5D37-443E-94A5-C8D6D91BCD19}.Release|Any CPU.ActiveCfg = Release|Any CPU
		{080624B4-5D37-443E-94A5-C8D6D91BCD19}.Release|Any CPU.Build.0 = Release|Any CPU
	EndGlobalSection
	GlobalSection(SolutionProperties) = preSolution
		HideSolutionNode = FALSE
	EndGlobalSection
	GlobalSection(ExtensibilityGlobals) = postSolution
		SolutionGuid = {BA495570-AE52-49B9-8950-2D5161DC3B97}
	EndGlobalSection
EndGlobal
